
Microsoft Visual Studio Solution File, Format Version 12.00
# Visual Studio Version 17
VisualStudioVersion = 17.0.31903.59
MinimumVisualStudioVersion = 10.0.40219.1
Project("{2150E333-8FDC-42A3-9474-1A3956D46DE8}") = "src", "src", "{82C2B70F-161C-4C53-9294-B05CD6F05F85}"
EndProject
Project("{2150E333-8FDC-42A3-9474-1A3956D46DE8}") = "EMS", "EMS", "{3F866443-82A0-4F00-9C30-8D92B2629935}"
EndProject
Project("{FAE04EC0-301F-11D3-BF4B-00C04F79EFBC}") = "TradingPlatform.EMS.Api", "src\EMS\TradingPlatform.EMS.Api\TradingPlatform.EMS.Api.csproj", "{0C8D676B-D482-46AA-93BE-0EE9C33263D3}"
EndProject
Project("{FAE04EC0-301F-11D3-BF4B-00C04F79EFBC}") = "TradingPlatform.EMS.Application", "src\EMS\TradingPlatform.EMS.Application\TradingPlatform.EMS.Application.csproj", "{CE2840EF-9356-4CCA-AB53-E8D70EDB2937}"
EndProject
Project("{FAE04EC0-301F-11D3-BF4B-00C04F79EFBC}") = "TradingPlatform.EMS.Domain", "src\EMS\TradingPlatform.EMS.Domain\TradingPlatform.EMS.Domain.csproj", "{35FF8B5F-C746-4552-B2DC-597EAC2EFE28}"
EndProject
Project("{FAE04EC0-301F-11D3-BF4B-00C04F79EFBC}") = "TradingPlatform.EMS.Infrastructure", "src\EMS\TradingPlatform.EMS.Infrastructure\TradingPlatform.EMS.Infrastructure.csproj", "{789AF9FF-9327-4D4C-A232-DF20246D8805}"
EndProject
Project("{2150E333-8FDC-42A3-9474-1A3956D46DE8}") = "OMS", "OMS", "{1E92BD8E-5E08-4AC8-A332-23C41E67D096}"
EndProject
Project("{FAE04EC0-301F-11D3-BF4B-00C04F79EFBC}") = "TradingPlatform.OMS.Api", "src\OMS\TradingPlatform.OMS.Api\TradingPlatform.OMS.Api.csproj", "{532B0D00-6C8B-4F76-AF6C-B34001F6E837}"
EndProject
Project("{FAE04EC0-301F-11D3-BF4B-00C04F79EFBC}") = "TradingPlatform.OMS.Application", "src\OMS\TradingPlatform.OMS.Application\TradingPlatform.OMS.Application.csproj", "{A93B32B8-0DC1-4D0F-BABB-2B3715689642}"
EndProject
Project("{FAE04EC0-301F-11D3-BF4B-00C04F79EFBC}") = "TradingPlatform.OMS.Domain", "src\OMS\TradingPlatform.OMS.Domain\TradingPlatform.OMS.Domain.csproj", "{2DF23DB1-FAA5-4DE3-BF88-6069D959F5FA}"
EndProject
Project("{FAE04EC0-301F-11D3-BF4B-00C04F79EFBC}") = "TradingPlatform.OMS.Infrastructure", "src\OMS\TradingPlatform.OMS.Infrastructure\TradingPlatform.OMS.Infrastructure.csproj", "{3738E00C-33CE-4623-A7CB-36B688A3CF20}"
EndProject
Project("{FAE04EC0-301F-11D3-BF4B-00C04F79EFBC}") = "TradingPlatform.Shared", "src\TradingPlatform.Shared\TradingPlatform.Shared.csproj", "{92FEF0B7-60D4-4306-A1CF-6BC73EAC9C4C}"
EndProject
Project("{2150E333-8FDC-42A3-9474-1A3956D46DE8}") = "tests", "tests", "{08FC371B-A70C-484D-A111-90463A3C1C07}"
EndProject
Project("{FAE04EC0-301F-11D3-BF4B-00C04F79EFBC}") = "TradingPlatform.EMS.UnitTests", "tests\TradingPlatform.EMS.UnitTests\TradingPlatform.EMS.UnitTests.csproj", "{0C5DA498-EF95-45B4-84C8-1FDA5C0523BC}"
EndProject
Project("{FAE04EC0-301F-11D3-BF4B-00C04F79EFBC}") = "TradingPlatform.IntegrationTests", "tests\TradingPlatform.IntegrationTests\TradingPlatform.IntegrationTests.csproj", "{935B93D4-79A3-4712-822B-4F8C16F98364}"
EndProject
Project("{FAE04EC0-301F-11D3-BF4B-00C04F79EFBC}") = "TradingPlatform.OMS.UnitTests", "tests\TradingPlatform.OMS.UnitTests\TradingPlatform.OMS.UnitTests.csproj", "{02A38BDA-E2A9-4261-934A-28414419978F}"
EndProject
Global
	GlobalSection(SolutionConfigurationPlatforms) = preSolution
		Debug|Any CPU = Debug|Any CPU
		Release|Any CPU = Release|Any CPU
	EndGlobalSection
	GlobalSection(SolutionProperties) = preSolution
		HideSolutionNode = FALSE
	EndGlobalSection
	GlobalSection(ProjectConfigurationPlatforms) = postSolution
		{0C8D676B-D482-46AA-93BE-0EE9C33263D3}.Debug|Any CPU.ActiveCfg = Debug|Any CPU
		{0C8D676B-D482-46AA-93BE-0EE9C33263D3}.Debug|Any CPU.Build.0 = Debug|Any CPU
		{0C8D676B-D482-46AA-93BE-0EE9C33263D3}.Release|Any CPU.ActiveCfg = Release|Any CPU
		{0C8D676B-D482-46AA-93BE-0EE9C33263D3}.Release|Any CPU.Build.0 = Release|Any CPU
		{CE2840EF-9356-4CCA-AB53-E8D70EDB2937}.Debug|Any CPU.ActiveCfg = Debug|Any CPU
		{CE2840EF-9356-4CCA-AB53-E8D70EDB2937}.Debug|Any CPU.Build.0 = Debug|Any CPU
		{CE2840EF-9356-4CCA-AB53-E8D70EDB2937}.Release|Any CPU.ActiveCfg = Release|Any CPU
		{CE2840EF-9356-4CCA-AB53-E8D70EDB2937}.Release|Any CPU.Build.0 = Release|Any CPU
		{35FF8B5F-C746-4552-B2DC-597EAC2EFE28}.Debug|Any CPU.ActiveCfg = Debug|Any CPU
		{35FF8B5F-C746-4552-B2DC-597EAC2EFE28}.Debug|Any CPU.Build.0 = Debug|Any CPU
		{35FF8B5F-C746-4552-B2DC-597EAC2EFE28}.Release|Any CPU.ActiveCfg = Release|Any CPU
		{35FF8B5F-C746-4552-B2DC-597EAC2EFE28}.Release|Any CPU.Build.0 = Release|Any CPU
		{789AF9FF-9327-4D4C-A232-DF20246D8805}.Debug|Any CPU.ActiveCfg = Debug|Any CPU
		{789AF9FF-9327-4D4C-A232-DF20246D8805}.Debug|Any CPU.Build.0 = Debug|Any CPU
		{789AF9FF-9327-4D4C-A232-DF20246D8805}.Release|Any CPU.ActiveCfg = Release|Any CPU
		{789AF9FF-9327-4D4C-A232-DF20246D8805}.Release|Any CPU.Build.0 = Release|Any CPU
		{532B0D00-6C8B-4F76-AF6C-B34001F6E837}.Debug|Any CPU.ActiveCfg = Debug|Any CPU
		{532B0D00-6C8B-4F76-AF6C-B34001F6E837}.Debug|Any CPU.Build.0 = Debug|Any CPU
		{532B0D00-6C8B-4F76-AF6C-B34001F6E837}.Release|Any CPU.ActiveCfg = Release|Any CPU
		{532B0D00-6C8B-4F76-AF6C-B34001F6E837}.Release|Any CPU.Build.0 = Release|Any CPU
		{A93B32B8-0DC1-4D0F-BABB-2B3715689642}.Debug|Any CPU.ActiveCfg = Debug|Any CPU
		{A93B32B8-0DC1-4D0F-BABB-2B3715689642}.Debug|Any CPU.Build.0 = Debug|Any CPU
		{A93B32B8-0DC1-4D0F-BABB-2B3715689642}.Release|Any CPU.ActiveCfg = Release|Any CPU
		{A93B32B8-0DC1-4D0F-BABB-2B3715689642}.Release|Any CPU.Build.0 = Release|Any CPU
		{2DF23DB1-FAA5-4DE3-BF88-6069D959F5FA}.Debug|Any CPU.ActiveCfg = Debug|Any CPU
		{2DF23DB1-FAA5-4DE3-BF88-6069D959F5FA}.Debug|Any CPU.Build.0 = Debug|Any CPU
		{2DF23DB1-FAA5-4DE3-BF88-6069D959F5FA}.Release|Any CPU.ActiveCfg = Release|Any CPU
		{2DF23DB1-FAA5-4DE3-BF88-6069D959F5FA}.Release|Any CPU.Build.0 = Release|Any CPU
		{3738E00C-33CE-4623-A7CB-36B688A3CF20}.Debug|Any CPU.ActiveCfg = Debug|Any CPU
		{3738E00C-33CE-4623-A7CB-36B688A3CF20}.Debug|Any CPU.Build.0 = Debug|Any CPU
		{3738E00C-33CE-4623-A7CB-36B688A3CF20}.Release|Any CPU.ActiveCfg = Release|Any CPU
		{3738E00C-33CE-4623-A7CB-36B688A3CF20}.Release|Any CPU.Build.0 = Release|Any CPU
		{92FEF0B7-60D4-4306-A1CF-6BC73EAC9C4C}.Debug|Any CPU.ActiveCfg = Debug|Any CPU
		{92FEF0B7-60D4-4306-A1CF-6BC73EAC9C4C}.Debug|Any CPU.Build.0 = Debug|Any CPU
		{92FEF0B7-60D4-4306-A1CF-6BC73EAC9C4C}.Release|Any CPU.ActiveCfg = Release|Any CPU
		{92FEF0B7-60D4-4306-A1CF-6BC73EAC9C4C}.Release|Any CPU.Build.0 = Release|Any CPU
		{0C5DA498-EF95-45B4-84C8-1FDA5C0523BC}.Debug|Any CPU.ActiveCfg = Debug|Any CPU
		{0C5DA498-EF95-45B4-84C8-1FDA5C0523BC}.Debug|Any CPU.Build.0 = Debug|Any CPU
		{0C5DA498-EF95-45B4-84C8-1FDA5C0523BC}.Release|Any CPU.ActiveCfg = Release|Any CPU
		{0C5DA498-EF95-45B4-84C8-1FDA5C0523BC}.Release|Any CPU.Build.0 = Release|Any CPU
		{935B93D4-79A3-4712-822B-4F8C16F98364}.Debug|Any CPU.ActiveCfg = Debug|Any CPU
		{935B93D4-79A3-4712-822B-4F8C16F98364}.Debug|Any CPU.Build.0 = Debug|Any CPU
		{935B93D4-79A3-4712-822B-4F8C16F98364}.Release|Any CPU.ActiveCfg = Release|Any CPU
		{935B93D4-79A3-4712-822B-4F8C16F98364}.Release|Any CPU.Build.0 = Release|Any CPU
		{02A38BDA-E2A9-4261-934A-28414419978F}.Debug|Any CPU.ActiveCfg = Debug|Any CPU
		{02A38BDA-E2A9-4261-934A-28414419978F}.Debug|Any CPU.Build.0 = Debug|Any CPU
		{02A38BDA-E2A9-4261-934A-28414419978F}.Release|Any CPU.ActiveCfg = Release|Any CPU
		{02A38BDA-E2A9-4261-934A-28414419978F}.Release|Any CPU.Build.0 = Release|Any CPU
	EndGlobalSection
	GlobalSection(NestedProjects) = preSolution
		{3F866443-82A0-4F00-9C30-8D92B2629935} = {82C2B70F-161C-4C53-9294-B05CD6F05F85}
		{0C8D676B-D482-46AA-93BE-0EE9C33263D3} = {3F866443-82A0-4F00-9C30-8D92B2629935}
		{CE2840EF-9356-4CCA-AB53-E8D70EDB2937} = {3F866443-82A0-4F00-9C30-8D92B2629935}
		{35FF8B5F-C746-4552-B2DC-597EAC2EFE28} = {3F866443-82A0-4F00-9C30-8D92B2629935}
		{789AF9FF-9327-4D4C-A232-DF20246D8805} = {3F866443-82A0-4F00-9C30-8D92B2629935}
		{1E92BD8E-5E08-4AC8-A332-23C41E67D096} = {82C2B70F-161C-4C53-9294-B05CD6F05F85}
		{532B0D00-6C8B-4F76-AF6C-B34001F6E837} = {1E92BD8E-5E08-4AC8-A332-23C41E67D096}
		{A93B32B8-0DC1-4D0F-BABB-2B3715689642} = {1E92BD8E-5E08-4AC8-A332-23C41E67D096}
		{2DF23DB1-FAA5-4DE3-BF88-6069D959F5FA} = {1E92BD8E-5E08-4AC8-A332-23C41E67D096}
		{3738E00C-33CE-4623-A7CB-36B688A3CF20} = {1E92BD8E-5E08-4AC8-A332-23C41E67D096}
		{92FEF0B7-60D4-4306-A1CF-6BC73EAC9C4C} = {82C2B70F-161C-4C53-9294-B05CD6F05F85}
		{0C5DA498-EF95-45B4-84C8-1FDA5C0523BC} = {08FC371B-A70C-484D-A111-90463A3C1C07}
		{935B93D4-79A3-4712-822B-4F8C16F98364} = {08FC371B-A70C-484D-A111-90463A3C1C07}
		{02A38BDA-E2A9-4261-934A-28414419978F} = {08FC371B-A70C-484D-A111-90463A3C1C07}
	EndGlobalSection
EndGlobal
